
Microsoft Visual Studio Solution File, Format Version 12.00
# Visual Studio Version 17
VisualStudioVersion = 17.1.32210.238
MinimumVisualStudioVersion = 10.0.40219.1
Project("{FAE04EC0-301F-11D3-BF4B-00C04F79EFBC}") = "VStoreAPI", "VStoreAPI.csproj", "{E238807F-05F4-4EF7-81AE-A7156295C502}"
EndProject
Global
	GlobalSection(SolutionConfigurationPlatforms) = preSolution
		Debug|Any CPU = Debug|Any CPU
		Release|Any CPU = Release|Any CPU
	EndGlobalSection
	GlobalSection(ProjectConfigurationPlatforms) = postSolution
		{E238807F-05F4-4EF7-81AE-A7156295C502}.Debug|Any CPU.ActiveCfg = Debug|Any CPU
		{E238807F-05F4-4EF7-81AE-A7156295C502}.Debug|Any CPU.Build.0 = Debug|Any CPU
		{E238807F-05F4-4EF7-81AE-A7156295C502}.Release|Any CPU.ActiveCfg = Release|Any CPU
		{E238807F-05F4-4EF7-81AE-A7156295C502}.Release|Any CPU.Build.0 = Release|Any CPU
	EndGlobalSection
	GlobalSection(SolutionProperties) = preSolution
		HideSolutionNode = FALSE
	EndGlobalSection
	GlobalSection(ExtensibilityGlobals) = postSolution
		SolutionGuid = {5A084FA7-B9FB-4A2C-A04F-F40459C54924}
	EndGlobalSection
EndGlobal
